
Microsoft Visual Studio Solution File, Format Version 12.00
# Visual Studio 2013
VisualStudioVersion = 12.0.31101.0
MinimumVisualStudioVersion = 10.0.40219.1
Project("{FAE04EC0-301F-11D3-BF4B-00C04F79EFBC}") = "ekonometria1", "ekonometria1\ekonometria1.csproj", "{9665C522-45C3-4E6D-B995-A07FBFF61BD4}"
EndProject
Project("{FAE04EC0-301F-11D3-BF4B-00C04F79EFBC}") = "Ekonometria.Test", "Ekonometria.Test\Ekonometria.Test.csproj", "{D5471D8C-C9B8-4933-9AD8-FD0FB8E6B55F}"
EndProject
Project("{FAE04EC0-301F-11D3-BF4B-00C04F79EFBC}") = "MethodOfGraphs", "MethodOfGraphs\MethodOfGraphs.csproj", "{6FABBA6A-7919-4F9D-9FC8-230F76526ACF}"
EndProject
Global
	GlobalSection(SolutionConfigurationPlatforms) = preSolution
		Debug|Any CPU = Debug|Any CPU
		Release|Any CPU = Release|Any CPU
	EndGlobalSection
	GlobalSection(ProjectConfigurationPlatforms) = postSolution
		{9665C522-45C3-4E6D-B995-A07FBFF61BD4}.Debug|Any CPU.ActiveCfg = Debug|Any CPU
		{9665C522-45C3-4E6D-B995-A07FBFF61BD4}.Debug|Any CPU.Build.0 = Debug|Any CPU
		{9665C522-45C3-4E6D-B995-A07FBFF61BD4}.Release|Any CPU.ActiveCfg = Release|Any CPU
		{9665C522-45C3-4E6D-B995-A07FBFF61BD4}.Release|Any CPU.Build.0 = Release|Any CPU
		{D5471D8C-C9B8-4933-9AD8-FD0FB8E6B55F}.Debug|Any CPU.ActiveCfg = Debug|Any CPU
		{D5471D8C-C9B8-4933-9AD8-FD0FB8E6B55F}.Debug|Any CPU.Build.0 = Debug|Any CPU
		{D5471D8C-C9B8-4933-9AD8-FD0FB8E6B55F}.Release|Any CPU.ActiveCfg = Release|Any CPU
		{D5471D8C-C9B8-4933-9AD8-FD0FB8E6B55F}.Release|Any CPU.Build.0 = Release|Any CPU
		{6FABBA6A-7919-4F9D-9FC8-230F76526ACF}.Debug|Any CPU.ActiveCfg = Debug|Any CPU
		{6FABBA6A-7919-4F9D-9FC8-230F76526ACF}.Debug|Any CPU.Build.0 = Debug|Any CPU
		{6FABBA6A-7919-4F9D-9FC8-230F76526ACF}.Release|Any CPU.ActiveCfg = Release|Any CPU
		{6FABBA6A-7919-4F9D-9FC8-230F76526ACF}.Release|Any CPU.Build.0 = Release|Any CPU
	EndGlobalSection
	GlobalSection(SolutionProperties) = preSolution
		HideSolutionNode = FALSE
	EndGlobalSection
EndGlobal
